// !$*UTF8*$!
{
	archiveVersion = 1;
	classes = {
	};
	objectVersion = 46;
	objects = {

/* Begin PBXBuildFile section */
		2D01766C1C8003E9001215EA /* LYProgressViewController.m in Sources */ = {isa = PBXBuildFile; fileRef = 2D01766B1C8003E9001215EA /* LYProgressViewController.m */; };
		2D0176741C80A805001215EA /* PostValue2ViewController.m in Sources */ = {isa = PBXBuildFile; fileRef = 2D0176721C80A805001215EA /* PostValue2ViewController.m */; };
		2D0176751C80A805001215EA /* PostValue2ViewController.xib in Resources */ = {isa = PBXBuildFile; fileRef = 2D0176731C80A805001215EA /* PostValue2ViewController.xib */; };
		2D0176791C80A81A001215EA /* PostValueViewController.m in Sources */ = {isa = PBXBuildFile; fileRef = 2D0176771C80A81A001215EA /* PostValueViewController.m */; };
		2D01767A1C80A81A001215EA /* PostValueViewController.xib in Resources */ = {isa = PBXBuildFile; fileRef = 2D0176781C80A81A001215EA /* PostValueViewController.xib */; };
		2D01767D1C81F848001215EA /* DataSource.m in Sources */ = {isa = PBXBuildFile; fileRef = 2D01767C1C81F848001215EA /* DataSource.m */; };
		2D153E401C868058003560F7 /* OptimizeRoundCornerViewController.m in Sources */ = {isa = PBXBuildFile; fileRef = 2D153E3F1C868058003560F7 /* OptimizeRoundCornerViewController.m */; };
		2D153E441C86826C003560F7 /* OptimizeRoundCornerTableViewCell.m in Sources */ = {isa = PBXBuildFile; fileRef = 2D153E421C86826C003560F7 /* OptimizeRoundCornerTableViewCell.m */; };
		2D153E451C86826C003560F7 /* OptimizeRoundCornerTableViewCell.xib in Resources */ = {isa = PBXBuildFile; fileRef = 2D153E431C86826C003560F7 /* OptimizeRoundCornerTableViewCell.xib */; };
		2D25EC431C85CE6000E95C76 /* buttonTableViewCell.m in Sources */ = {isa = PBXBuildFile; fileRef = 2D25EC411C85CE6000E95C76 /* buttonTableViewCell.m */; };
		2D25EC441C85CE6000E95C76 /* buttonTableViewCell.xib in Resources */ = {isa = PBXBuildFile; fileRef = 2D25EC421C85CE6000E95C76 /* buttonTableViewCell.xib */; };
		2D25FFBE1C859817007BAE7F /* LPFPSLabel.m in Sources */ = {isa = PBXBuildFile; fileRef = 2D25FFBD1C859817007BAE7F /* LPFPSLabel.m */; };
		2D25FFC21C85C2C1007BAE7F /* LYFPSLabelViewController.m in Sources */ = {isa = PBXBuildFile; fileRef = 2D25FFC11C85C2C1007BAE7F /* LYFPSLabelViewController.m */; };
		2D25FFC51C85C367007BAE7F /* FPSView.m in Sources */ = {isa = PBXBuildFile; fileRef = 2D25FFC41C85C367007BAE7F /* FPSView.m */; };
		2D25FFC71C85C378007BAE7F /* FPSView.xib in Resources */ = {isa = PBXBuildFile; fileRef = 2D25FFC61C85C378007BAE7F /* FPSView.xib */; };
		2D6FFA131C9EE04F00F086F8 /* ThreadViewController.m in Sources */ = {isa = PBXBuildFile; fileRef = 2D6FFA121C9EE04F00F086F8 /* ThreadViewController.m */; };
		2D6FFA161C9EEA0800F086F8 /* AccountManager.m in Sources */ = {isa = PBXBuildFile; fileRef = 2D6FFA151C9EEA0800F086F8 /* AccountManager.m */; };
		2D6FFA1B1C9EFA8B00F086F8 /* CoreAnimationViewController.m in Sources */ = {isa = PBXBuildFile; fileRef = 2D6FFA1A1C9EFA8B00F086F8 /* CoreAnimationViewController.m */; };
		2D6FFA1F1C9EFF2F00F086F8 /* CoreGraphicsViewController.m in Sources */ = {isa = PBXBuildFile; fileRef = 2D6FFA1E1C9EFF2F00F086F8 /* CoreGraphicsViewController.m */; };
		2D6FFA241C9F049E00F086F8 /* DrawRectView.m in Sources */ = {isa = PBXBuildFile; fileRef = 2D6FFA231C9F049E00F086F8 /* DrawRectView.m */; };
		2D6FFA271C9F083700F086F8 /* FlowerView.m in Sources */ = {isa = PBXBuildFile; fileRef = 2D6FFA261C9F083700F086F8 /* FlowerView.m */; };
		2D7456621C9B9AB00040AA74 /* 11.png in Resources */ = {isa = PBXBuildFile; fileRef = 2D74559F1C9B9AAF0040AA74 /* 11.png */; };
		2D7456651C9B9AB00040AA74 /* 13.png in Resources */ = {isa = PBXBuildFile; fileRef = 2D7455A21C9B9AAF0040AA74 /* 13.png */; };
		2D7456671C9B9AB00040AA74 /* 14.png in Resources */ = {isa = PBXBuildFile; fileRef = 2D7455A41C9B9AAF0040AA74 /* 14.png */; };
		2D7456691C9B9AB00040AA74 /* 15.png in Resources */ = {isa = PBXBuildFile; fileRef = 2D7455A61C9B9AAF0040AA74 /* 15.png */; };
		2D74566B1C9B9AB00040AA74 /* 16.png in Resources */ = {isa = PBXBuildFile; fileRef = 2D7455A81C9B9AAF0040AA74 /* 16.png */; };
		2D74566D1C9B9AB00040AA74 /* 12.png in Resources */ = {isa = PBXBuildFile; fileRef = 2D7455AA1C9B9AAF0040AA74 /* 12.png */; };
		2D74566E1C9B9AB00040AA74 /* 10.png in Resources */ = {isa = PBXBuildFile; fileRef = 2D7455AB1C9B9AAF0040AA74 /* 10.png */; };
		2D768C741C7B4CB7007A98EA /* PickerViewViewController.m in Sources */ = {isa = PBXBuildFile; fileRef = 2D768C731C7B4CB7007A98EA /* PickerViewViewController.m */; };
		2D80DA0D1CAFDF6100CB3E18 /* SScrollView.m in Sources */ = {isa = PBXBuildFile; fileRef = 2D80DA0B1CAFDF6100CB3E18 /* SScrollView.m */; };
		2D80DA111CB392EA00CB3E18 /* SScrollViewViewContoller.m in Sources */ = {isa = PBXBuildFile; fileRef = 2D80DA101CB392EA00CB3E18 /* SScrollViewViewContoller.m */; };
		2D908DBB1C7556CA00BCC770 /* main.m in Sources */ = {isa = PBXBuildFile; fileRef = 2D908DBA1C7556CA00BCC770 /* main.m */; };
		2D908DBE1C7556CA00BCC770 /* AppDelegate.m in Sources */ = {isa = PBXBuildFile; fileRef = 2D908DBD1C7556CA00BCC770 /* AppDelegate.m */; };
		2D908DC11C7556CA00BCC770 /* ViewController.m in Sources */ = {isa = PBXBuildFile; fileRef = 2D908DC01C7556CA00BCC770 /* ViewController.m */; };
		2D908DC41C7556CA00BCC770 /* Main.storyboard in Resources */ = {isa = PBXBuildFile; fileRef = 2D908DC21C7556CA00BCC770 /* Main.storyboard */; };
		2D908DC61C7556CA00BCC770 /* Assets.xcassets in Resources */ = {isa = PBXBuildFile; fileRef = 2D908DC51C7556CA00BCC770 /* Assets.xcassets */; };
		2D908DC91C7556CA00BCC770 /* LaunchScreen.storyboard in Resources */ = {isa = PBXBuildFile; fileRef = 2D908DC71C7556CA00BCC770 /* LaunchScreen.storyboard */; };
		2D908DD41C7556CA00BCC770 /* CodeExmpleTests.m in Sources */ = {isa = PBXBuildFile; fileRef = 2D908DD31C7556CA00BCC770 /* CodeExmpleTests.m */; };
		2D908DDF1C7556CA00BCC770 /* CodeExmpleUITests.m in Sources */ = {isa = PBXBuildFile; fileRef = 2D908DDE1C7556CA00BCC770 /* CodeExmpleUITests.m */; };
		2D908DEE1C7556FB00BCC770 /* TwoViewController.m in Sources */ = {isa = PBXBuildFile; fileRef = 2D908DED1C7556FB00BCC770 /* TwoViewController.m */; };
		2D908DF11C75570200BCC770 /* ThreeViewController.m in Sources */ = {isa = PBXBuildFile; fileRef = 2D908DF01C75570200BCC770 /* ThreeViewController.m */; };
		2D908DF41C75570C00BCC770 /* FourViewController.m in Sources */ = {isa = PBXBuildFile; fileRef = 2D908DF31C75570C00BCC770 /* FourViewController.m */; };
		2D908DF71C7557DB00BCC770 /* TabBarViewController.m in Sources */ = {isa = PBXBuildFile; fileRef = 2D908DF61C7557DB00BCC770 /* TabBarViewController.m */; };
		2D908DFF1C759DAC00BCC770 /* UIView+Extension.m in Sources */ = {isa = PBXBuildFile; fileRef = 2D908DFE1C759DAC00BCC770 /* UIView+Extension.m */; };
		2D908E051C759DE000BCC770 /* Foundation+Log.m in Sources */ = {isa = PBXBuildFile; fileRef = 2D908E001C759DE000BCC770 /* Foundation+Log.m */; };
		2D908E061C759DE000BCC770 /* UIBarButtonItem+Extension.m in Sources */ = {isa = PBXBuildFile; fileRef = 2D908E021C759DE000BCC770 /* UIBarButtonItem+Extension.m */; };
		2D908E071C759DE000BCC770 /* UIImage+Extension.m in Sources */ = {isa = PBXBuildFile; fileRef = 2D908E041C759DE000BCC770 /* UIImage+Extension.m */; };
		2D908E0B1C75A4A700BCC770 /* SpliceCircleViewController.m in Sources */ = {isa = PBXBuildFile; fileRef = 2D908E0A1C75A4A700BCC770 /* SpliceCircleViewController.m */; };
		2D90B16E1C9BDC9C008017F3 /* alpha.png in Resources */ = {isa = PBXBuildFile; fileRef = 2D90B16D1C9BDC9C008017F3 /* alpha.png */; };
		2DA94FB41C901DBA0047AF46 /* Reveal.framework in Frameworks */ = {isa = PBXBuildFile; fileRef = 2DA94FB31C901DBA0047AF46 /* Reveal.framework */; };
		2DAECFBD1C7AEE050022EFA1 /* RoundCornerViewController.m in Sources */ = {isa = PBXBuildFile; fileRef = 2DAECFBC1C7AEE050022EFA1 /* RoundCornerViewController.m */; };
		2DAECFC01C7B0E800022EFA1 /* DatePickerViewController.m in Sources */ = {isa = PBXBuildFile; fileRef = 2DAECFBF1C7B0E800022EFA1 /* DatePickerViewController.m */; };
		2DB0B3151C82C9BF00B31783 /* UIImageView+RoundRect.m in Sources */ = {isa = PBXBuildFile; fileRef = 2DB0B3141C82C9BF00B31783 /* UIImageView+RoundRect.m */; };
		2DB0B3181C82CF6900B31783 /* StretchImageViewController.m in Sources */ = {isa = PBXBuildFile; fileRef = 2DB0B3171C82CF6900B31783 /* StretchImageViewController.m */; };
		2DB0B31C1C82CFF800B31783 /* strectch.png in Resources */ = {isa = PBXBuildFile; fileRef = 2DB0B31B1C82CFF800B31783 /* strectch.png */; };
		2DB0B31F1C82E25B00B31783 /* ImageProcessingViewController.m in Sources */ = {isa = PBXBuildFile; fileRef = 2DB0B31E1C82E25B00B31783 /* ImageProcessingViewController.m */; };
		2DB0B3241C82EF3300B31783 /* ImageViewerViewController.m in Sources */ = {isa = PBXBuildFile; fileRef = 2DB0B3231C82EF3300B31783 /* ImageViewerViewController.m */; };
		2DB1A01F1C76C6AC0074A8B5 /* HideNavBarAndTabBarViewController.m in Sources */ = {isa = PBXBuildFile; fileRef = 2DB1A01E1C76C6AC0074A8B5 /* HideNavBarAndTabBarViewController.m */; };
		2DB1A0221C7722640074A8B5 /* SpliceCircleUI.m in Sources */ = {isa = PBXBuildFile; fileRef = 2DB1A0211C7722640074A8B5 /* SpliceCircleUI.m */; };
		2DB1A0241C77227B0074A8B5 /* SpliceCircleUI.xib in Resources */ = {isa = PBXBuildFile; fileRef = 2DB1A0231C77227B0074A8B5 /* SpliceCircleUI.xib */; };
		2DC03C7E1CA03EBC000B1CDD /* GraphView.m in Sources */ = {isa = PBXBuildFile; fileRef = 2DC03C7D1CA03EBC000B1CDD /* GraphView.m */; };
		2DC195271C83EB7A00C9F3EF /* UIImage.xcassets in Resources */ = {isa = PBXBuildFile; fileRef = 2DC195261C83EB7A00C9F3EF /* UIImage.xcassets */; };
		2DEE81FE1C79E0170041CB11 /* ActivityIndicatorViewController.m in Sources */ = {isa = PBXBuildFile; fileRef = 2DEE81FD1C79E0170041CB11 /* ActivityIndicatorViewController.m */; };
		2DEE82011C79F15F0041CB11 /* AlertControllerViewController.m in Sources */ = {isa = PBXBuildFile; fileRef = 2DEE82001C79F15F0041CB11 /* AlertControllerViewController.m */; };
		927EB04BAA61C8804B8435E1 /* libPods.a in Frameworks */ = {isa = PBXBuildFile; fileRef = EB55230364E4E2858368A7A9 /* libPods.a */; };
/* End PBXBuildFile section */

/* Begin PBXContainerItemProxy section */
		2D908DD01C7556CA00BCC770 /* PBXContainerItemProxy */ = {
			isa = PBXContainerItemProxy;
			containerPortal = 2D908DAE1C7556CA00BCC770 /* Project object */;
			proxyType = 1;
			remoteGlobalIDString = 2D908DB51C7556CA00BCC770;
			remoteInfo = CodeExmple;
		};
		2D908DDB1C7556CA00BCC770 /* PBXContainerItemProxy */ = {
			isa = PBXContainerItemProxy;
			containerPortal = 2D908DAE1C7556CA00BCC770 /* Project object */;
			proxyType = 1;
			remoteGlobalIDString = 2D908DB51C7556CA00BCC770;
			remoteInfo = CodeExmple;
		};
/* End PBXContainerItemProxy section */

/* Begin PBXFileReference section */
		1E76DF54269457157FB99C45 /* Pods.debug.xcconfig */ = {isa = PBXFileReference; includeInIndex = 1; lastKnownFileType = text.xcconfig; name = Pods.debug.xcconfig; path = "Pods/Target Support Files/Pods/Pods.debug.xcconfig"; sourceTree = "<group>"; };
		2D01766A1C8003E9001215EA /* LYProgressViewController.h */ = {isa = PBXFileReference; fileEncoding = 4; lastKnownFileType = sourcecode.c.h; path = LYProgressViewController.h; sourceTree = "<group>"; };
		2D01766B1C8003E9001215EA /* LYProgressViewController.m */ = {isa = PBXFileReference; fileEncoding = 4; lastKnownFileType = sourcecode.c.objc; path = LYProgressViewController.m; sourceTree = "<group>"; };
		2D0176711C80A805001215EA /* PostValue2ViewController.h */ = {isa = PBXFileReference; fileEncoding = 4; lastKnownFileType = sourcecode.c.h; path = PostValue2ViewController.h; sourceTree = "<group>"; };
		2D0176721C80A805001215EA /* PostValue2ViewController.m */ = {isa = PBXFileReference; fileEncoding = 4; lastKnownFileType = sourcecode.c.objc; path = PostValue2ViewController.m; sourceTree = "<group>"; };
		2D0176731C80A805001215EA /* PostValue2ViewController.xib */ = {isa = PBXFileReference; fileEncoding = 4; lastKnownFileType = file.xib; path = PostValue2ViewController.xib; sourceTree = "<group>"; };
		2D0176761C80A81A001215EA /* PostValueViewController.h */ = {isa = PBXFileReference; fileEncoding = 4; lastKnownFileType = sourcecode.c.h; path = PostValueViewController.h; sourceTree = "<group>"; };
		2D0176771C80A81A001215EA /* PostValueViewController.m */ = {isa = PBXFileReference; fileEncoding = 4; lastKnownFileType = sourcecode.c.objc; path = PostValueViewController.m; sourceTree = "<group>"; };
		2D0176781C80A81A001215EA /* PostValueViewController.xib */ = {isa = PBXFileReference; fileEncoding = 4; lastKnownFileType = file.xib; path = PostValueViewController.xib; sourceTree = "<group>"; };
		2D01767B1C81F848001215EA /* DataSource.h */ = {isa = PBXFileReference; fileEncoding = 4; lastKnownFileType = sourcecode.c.h; path = DataSource.h; sourceTree = "<group>"; };
		2D01767C1C81F848001215EA /* DataSource.m */ = {isa = PBXFileReference; fileEncoding = 4; lastKnownFileType = sourcecode.c.objc; path = DataSource.m; sourceTree = "<group>"; };
		2D153E3E1C868058003560F7 /* OptimizeRoundCornerViewController.h */ = {isa = PBXFileReference; fileEncoding = 4; lastKnownFileType = sourcecode.c.h; path = OptimizeRoundCornerViewController.h; sourceTree = "<group>"; };
		2D153E3F1C868058003560F7 /* OptimizeRoundCornerViewController.m */ = {isa = PBXFileReference; fileEncoding = 4; lastKnownFileType = sourcecode.c.objc; path = OptimizeRoundCornerViewController.m; sourceTree = "<group>"; };
		2D153E411C86826C003560F7 /* OptimizeRoundCornerTableViewCell.h */ = {isa = PBXFileReference; fileEncoding = 4; lastKnownFileType = sourcecode.c.h; path = OptimizeRoundCornerTableViewCell.h; sourceTree = "<group>"; };
		2D153E421C86826C003560F7 /* OptimizeRoundCornerTableViewCell.m */ = {isa = PBXFileReference; fileEncoding = 4; lastKnownFileType = sourcecode.c.objc; path = OptimizeRoundCornerTableViewCell.m; sourceTree = "<group>"; };
		2D153E431C86826C003560F7 /* OptimizeRoundCornerTableViewCell.xib */ = {isa = PBXFileReference; fileEncoding = 4; lastKnownFileType = file.xib; path = OptimizeRoundCornerTableViewCell.xib; sourceTree = "<group>"; };
		2D25EC401C85CE6000E95C76 /* buttonTableViewCell.h */ = {isa = PBXFileReference; fileEncoding = 4; lastKnownFileType = sourcecode.c.h; path = buttonTableViewCell.h; sourceTree = "<group>"; };
		2D25EC411C85CE6000E95C76 /* buttonTableViewCell.m */ = {isa = PBXFileReference; fileEncoding = 4; lastKnownFileType = sourcecode.c.objc; path = buttonTableViewCell.m; sourceTree = "<group>"; };
		2D25EC421C85CE6000E95C76 /* buttonTableViewCell.xib */ = {isa = PBXFileReference; fileEncoding = 4; lastKnownFileType = file.xib; path = buttonTableViewCell.xib; sourceTree = "<group>"; };
		2D25FFBC1C859817007BAE7F /* LPFPSLabel.h */ = {isa = PBXFileReference; fileEncoding = 4; lastKnownFileType = sourcecode.c.h; path = LPFPSLabel.h; sourceTree = "<group>"; };
		2D25FFBD1C859817007BAE7F /* LPFPSLabel.m */ = {isa = PBXFileReference; fileEncoding = 4; lastKnownFileType = sourcecode.c.objc; path = LPFPSLabel.m; sourceTree = "<group>"; };
		2D25FFC01C85C2C1007BAE7F /* LYFPSLabelViewController.h */ = {isa = PBXFileReference; fileEncoding = 4; lastKnownFileType = sourcecode.c.h; path = LYFPSLabelViewController.h; sourceTree = "<group>"; };
		2D25FFC11C85C2C1007BAE7F /* LYFPSLabelViewController.m */ = {isa = PBXFileReference; fileEncoding = 4; lastKnownFileType = sourcecode.c.objc; path = LYFPSLabelViewController.m; sourceTree = "<group>"; };
		2D25FFC31C85C367007BAE7F /* FPSView.h */ = {isa = PBXFileReference; fileEncoding = 4; lastKnownFileType = sourcecode.c.h; path = FPSView.h; sourceTree = "<group>"; };
		2D25FFC41C85C367007BAE7F /* FPSView.m */ = {isa = PBXFileReference; fileEncoding = 4; lastKnownFileType = sourcecode.c.objc; path = FPSView.m; sourceTree = "<group>"; };
		2D25FFC61C85C378007BAE7F /* FPSView.xib */ = {isa = PBXFileReference; fileEncoding = 4; lastKnownFileType = file.xib; path = FPSView.xib; sourceTree = "<group>"; };
		2D6FFA111C9EE04F00F086F8 /* ThreadViewController.h */ = {isa = PBXFileReference; fileEncoding = 4; lastKnownFileType = sourcecode.c.h; name = ThreadViewController.h; path = CodeExmple/Code/ThreadViewController.h; sourceTree = SOURCE_ROOT; };
		2D6FFA121C9EE04F00F086F8 /* ThreadViewController.m */ = {isa = PBXFileReference; fileEncoding = 4; lastKnownFileType = sourcecode.c.objc; name = ThreadViewController.m; path = CodeExmple/Code/ThreadViewController.m; sourceTree = SOURCE_ROOT; };
		2D6FFA141C9EEA0800F086F8 /* AccountManager.h */ = {isa = PBXFileReference; fileEncoding = 4; lastKnownFileType = sourcecode.c.h; name = AccountManager.h; path = CodeExmple/Code/AccountManager.h; sourceTree = SOURCE_ROOT; };
		2D6FFA151C9EEA0800F086F8 /* AccountManager.m */ = {isa = PBXFileReference; fileEncoding = 4; lastKnownFileType = sourcecode.c.objc; name = AccountManager.m; path = CodeExmple/Code/AccountManager.m; sourceTree = SOURCE_ROOT; };
		2D6FFA191C9EFA8B00F086F8 /* CoreAnimationViewController.h */ = {isa = PBXFileReference; fileEncoding = 4; lastKnownFileType = sourcecode.c.h; path = CoreAnimationViewController.h; sourceTree = "<group>"; };
		2D6FFA1A1C9EFA8B00F086F8 /* CoreAnimationViewController.m */ = {isa = PBXFileReference; fileEncoding = 4; lastKnownFileType = sourcecode.c.objc; path = CoreAnimationViewController.m; sourceTree = "<group>"; };
		2D6FFA1D1C9EFF2F00F086F8 /* CoreGraphicsViewController.h */ = {isa = PBXFileReference; fileEncoding = 4; lastKnownFileType = sourcecode.c.h; path = CoreGraphicsViewController.h; sourceTree = "<group>"; };
		2D6FFA1E1C9EFF2F00F086F8 /* CoreGraphicsViewController.m */ = {isa = PBXFileReference; fileEncoding = 4; lastKnownFileType = sourcecode.c.objc; path = CoreGraphicsViewController.m; sourceTree = "<group>"; };
		2D6FFA221C9F049E00F086F8 /* DrawRectView.h */ = {isa = PBXFileReference; fileEncoding = 4; lastKnownFileType = sourcecode.c.h; path = DrawRectView.h; sourceTree = "<group>"; };
		2D6FFA231C9F049E00F086F8 /* DrawRectView.m */ = {isa = PBXFileReference; fileEncoding = 4; lastKnownFileType = sourcecode.c.objc; path = DrawRectView.m; sourceTree = "<group>"; };
		2D6FFA251C9F083700F086F8 /* FlowerView.h */ = {isa = PBXFileReference; fileEncoding = 4; lastKnownFileType = sourcecode.c.h; path = FlowerView.h; sourceTree = "<group>"; };
		2D6FFA261C9F083700F086F8 /* FlowerView.m */ = {isa = PBXFileReference; fileEncoding = 4; lastKnownFileType = sourcecode.c.objc; path = FlowerView.m; sourceTree = "<group>"; };
		2D74559F1C9B9AAF0040AA74 /* 11.png */ = {isa = PBXFileReference; lastKnownFileType = image.png; path = 11.png; sourceTree = "<group>"; };
		2D7455A21C9B9AAF0040AA74 /* 13.png */ = {isa = PBXFileReference; lastKnownFileType = image.png; path = 13.png; sourceTree = "<group>"; };
		2D7455A41C9B9AAF0040AA74 /* 14.png */ = {isa = PBXFileReference; lastKnownFileType = image.png; path = 14.png; sourceTree = "<group>"; };
		2D7455A61C9B9AAF0040AA74 /* 15.png */ = {isa = PBXFileReference; lastKnownFileType = image.png; path = 15.png; sourceTree = "<group>"; };
		2D7455A81C9B9AAF0040AA74 /* 16.png */ = {isa = PBXFileReference; lastKnownFileType = image.png; path = 16.png; sourceTree = "<group>"; };
		2D7455AA1C9B9AAF0040AA74 /* 12.png */ = {isa = PBXFileReference; lastKnownFileType = image.png; path = 12.png; sourceTree = "<group>"; };
		2D7455AB1C9B9AAF0040AA74 /* 10.png */ = {isa = PBXFileReference; lastKnownFileType = image.png; path = 10.png; sourceTree = "<group>"; };
		2D768C721C7B4CB7007A98EA /* PickerViewViewController.h */ = {isa = PBXFileReference; fileEncoding = 4; lastKnownFileType = sourcecode.c.h; path = PickerViewViewController.h; sourceTree = "<group>"; };
		2D768C731C7B4CB7007A98EA /* PickerViewViewController.m */ = {isa = PBXFileReference; fileEncoding = 4; lastKnownFileType = sourcecode.c.objc; path = PickerViewViewController.m; sourceTree = "<group>"; };
		2D80DA0B1CAFDF6100CB3E18 /* SScrollView.m */ = {isa = PBXFileReference; fileEncoding = 4; lastKnownFileType = sourcecode.c.objc; name = SScrollView.m; path = ../Lib/SScrollView.m; sourceTree = "<group>"; };
		2D80DA0C1CAFDF6100CB3E18 /* SScrollView.h */ = {isa = PBXFileReference; fileEncoding = 4; lastKnownFileType = sourcecode.c.h; name = SScrollView.h; path = ../Lib/SScrollView.h; sourceTree = "<group>"; };
		2D80DA0F1CB392EA00CB3E18 /* SScrollViewViewContoller.h */ = {isa = PBXFileReference; fileEncoding = 4; lastKnownFileType = sourcecode.c.h; path = SScrollViewViewContoller.h; sourceTree = "<group>"; };
		2D80DA101CB392EA00CB3E18 /* SScrollViewViewContoller.m */ = {isa = PBXFileReference; fileEncoding = 4; lastKnownFileType = sourcecode.c.objc; path = SScrollViewViewContoller.m; sourceTree = "<group>"; };
		2D908DB61C7556CA00BCC770 /* CodeExmple.app */ = {isa = PBXFileReference; explicitFileType = wrapper.application; includeInIndex = 0; path = CodeExmple.app; sourceTree = BUILT_PRODUCTS_DIR; };
		2D908DBA1C7556CA00BCC770 /* main.m */ = {isa = PBXFileReference; lastKnownFileType = sourcecode.c.objc; path = main.m; sourceTree = "<group>"; };
		2D908DBC1C7556CA00BCC770 /* AppDelegate.h */ = {isa = PBXFileReference; lastKnownFileType = sourcecode.c.h; path = AppDelegate.h; sourceTree = "<group>"; };
		2D908DBD1C7556CA00BCC770 /* AppDelegate.m */ = {isa = PBXFileReference; lastKnownFileType = sourcecode.c.objc; path = AppDelegate.m; sourceTree = "<group>"; };
		2D908DBF1C7556CA00BCC770 /* ViewController.h */ = {isa = PBXFileReference; lastKnownFileType = sourcecode.c.h; path = ViewController.h; sourceTree = "<group>"; };
		2D908DC01C7556CA00BCC770 /* ViewController.m */ = {isa = PBXFileReference; lastKnownFileType = sourcecode.c.objc; path = ViewController.m; sourceTree = "<group>"; };
		2D908DC31C7556CA00BCC770 /* Base */ = {isa = PBXFileReference; lastKnownFileType = file.storyboard; name = Base; path = Base.lproj/Main.storyboard; sourceTree = "<group>"; };
		2D908DC51C7556CA00BCC770 /* Assets.xcassets */ = {isa = PBXFileReference; lastKnownFileType = folder.assetcatalog; path = Assets.xcassets; sourceTree = "<group>"; };
		2D908DC81C7556CA00BCC770 /* Base */ = {isa = PBXFileReference; lastKnownFileType = file.storyboard; name = Base; path = Base.lproj/LaunchScreen.storyboard; sourceTree = "<group>"; };
		2D908DCA1C7556CA00BCC770 /* Info.plist */ = {isa = PBXFileReference; lastKnownFileType = text.plist.xml; path = Info.plist; sourceTree = "<group>"; };
		2D908DCF1C7556CA00BCC770 /* CodeExmpleTests.xctest */ = {isa = PBXFileReference; explicitFileType = wrapper.cfbundle; includeInIndex = 0; path = CodeExmpleTests.xctest; sourceTree = BUILT_PRODUCTS_DIR; };
		2D908DD31C7556CA00BCC770 /* CodeExmpleTests.m */ = {isa = PBXFileReference; lastKnownFileType = sourcecode.c.objc; path = CodeExmpleTests.m; sourceTree = "<group>"; };
		2D908DD51C7556CA00BCC770 /* Info.plist */ = {isa = PBXFileReference; lastKnownFileType = text.plist.xml; path = Info.plist; sourceTree = "<group>"; };
		2D908DDA1C7556CA00BCC770 /* CodeExmpleUITests.xctest */ = {isa = PBXFileReference; explicitFileType = wrapper.cfbundle; includeInIndex = 0; path = CodeExmpleUITests.xctest; sourceTree = BUILT_PRODUCTS_DIR; };
		2D908DDE1C7556CA00BCC770 /* CodeExmpleUITests.m */ = {isa = PBXFileReference; lastKnownFileType = sourcecode.c.objc; path = CodeExmpleUITests.m; sourceTree = "<group>"; };
		2D908DE01C7556CA00BCC770 /* Info.plist */ = {isa = PBXFileReference; lastKnownFileType = text.plist.xml; path = Info.plist; sourceTree = "<group>"; };
		2D908DEC1C7556FB00BCC770 /* TwoViewController.h */ = {isa = PBXFileReference; fileEncoding = 4; lastKnownFileType = sourcecode.c.h; path = TwoViewController.h; sourceTree = "<group>"; };
		2D908DED1C7556FB00BCC770 /* TwoViewController.m */ = {isa = PBXFileReference; fileEncoding = 4; lastKnownFileType = sourcecode.c.objc; path = TwoViewController.m; sourceTree = "<group>"; };
		2D908DEF1C75570200BCC770 /* ThreeViewController.h */ = {isa = PBXFileReference; fileEncoding = 4; lastKnownFileType = sourcecode.c.h; path = ThreeViewController.h; sourceTree = "<group>"; };
		2D908DF01C75570200BCC770 /* ThreeViewController.m */ = {isa = PBXFileReference; fileEncoding = 4; lastKnownFileType = sourcecode.c.objc; path = ThreeViewController.m; sourceTree = "<group>"; };
		2D908DF21C75570C00BCC770 /* FourViewController.h */ = {isa = PBXFileReference; fileEncoding = 4; lastKnownFileType = sourcecode.c.h; path = FourViewController.h; sourceTree = "<group>"; };
		2D908DF31C75570C00BCC770 /* FourViewController.m */ = {isa = PBXFileReference; fileEncoding = 4; lastKnownFileType = sourcecode.c.objc; path = FourViewController.m; sourceTree = "<group>"; };
		2D908DF51C7557DB00BCC770 /* TabBarViewController.h */ = {isa = PBXFileReference; fileEncoding = 4; lastKnownFileType = sourcecode.c.h; path = TabBarViewController.h; sourceTree = "<group>"; };
		2D908DF61C7557DB00BCC770 /* TabBarViewController.m */ = {isa = PBXFileReference; fileEncoding = 4; lastKnownFileType = sourcecode.c.objc; path = TabBarViewController.m; sourceTree = "<group>"; };
		2D908DFD1C759DAC00BCC770 /* UIView+Extension.h */ = {isa = PBXFileReference; fileEncoding = 4; lastKnownFileType = sourcecode.c.h; path = "UIView+Extension.h"; sourceTree = "<group>"; };
		2D908DFE1C759DAC00BCC770 /* UIView+Extension.m */ = {isa = PBXFileReference; fileEncoding = 4; lastKnownFileType = sourcecode.c.objc; path = "UIView+Extension.m"; sourceTree = "<group>"; };
		2D908E001C759DE000BCC770 /* Foundation+Log.m */ = {isa = PBXFileReference; fileEncoding = 4; lastKnownFileType = sourcecode.c.objc; path = "Foundation+Log.m"; sourceTree = "<group>"; };
		2D908E011C759DE000BCC770 /* UIBarButtonItem+Extension.h */ = {isa = PBXFileReference; fileEncoding = 4; lastKnownFileType = sourcecode.c.h; path = "UIBarButtonItem+Extension.h"; sourceTree = "<group>"; };
		2D908E021C759DE000BCC770 /* UIBarButtonItem+Extension.m */ = {isa = PBXFileReference; fileEncoding = 4; lastKnownFileType = sourcecode.c.objc; path = "UIBarButtonItem+Extension.m"; sourceTree = "<group>"; };
		2D908E031C759DE000BCC770 /* UIImage+Extension.h */ = {isa = PBXFileReference; fileEncoding = 4; lastKnownFileType = sourcecode.c.h; path = "UIImage+Extension.h"; sourceTree = "<group>"; };
		2D908E041C759DE000BCC770 /* UIImage+Extension.m */ = {isa = PBXFileReference; fileEncoding = 4; lastKnownFileType = sourcecode.c.objc; path = "UIImage+Extension.m"; sourceTree = "<group>"; };
		2D908E081C759EE300BCC770 /* CodeExamplePCH.pch */ = {isa = PBXFileReference; fileEncoding = 4; lastKnownFileType = sourcecode.c.h; path = CodeExamplePCH.pch; sourceTree = "<group>"; };
		2D908E091C75A4A700BCC770 /* SpliceCircleViewController.h */ = {isa = PBXFileReference; fileEncoding = 4; lastKnownFileType = sourcecode.c.h; path = SpliceCircleViewController.h; sourceTree = "<group>"; };
		2D908E0A1C75A4A700BCC770 /* SpliceCircleViewController.m */ = {isa = PBXFileReference; fileEncoding = 4; lastKnownFileType = sourcecode.c.objc; path = SpliceCircleViewController.m; sourceTree = "<group>"; };
		2D90B16D1C9BDC9C008017F3 /* alpha.png */ = {isa = PBXFileReference; lastKnownFileType = image.png; path = alpha.png; sourceTree = "<group>"; };
		2DA94FB31C901DBA0047AF46 /* Reveal.framework */ = {isa = PBXFileReference; lastKnownFileType = wrapper.framework; path = Reveal.framework; sourceTree = "<group>"; };
		2DAECFBB1C7AEE050022EFA1 /* RoundCornerViewController.h */ = {isa = PBXFileReference; fileEncoding = 4; lastKnownFileType = sourcecode.c.h; path = RoundCornerViewController.h; sourceTree = "<group>"; };
		2DAECFBC1C7AEE050022EFA1 /* RoundCornerViewController.m */ = {isa = PBXFileReference; fileEncoding = 4; lastKnownFileType = sourcecode.c.objc; path = RoundCornerViewController.m; sourceTree = "<group>"; };
		2DAECFBE1C7B0E800022EFA1 /* DatePickerViewController.h */ = {isa = PBXFileReference; fileEncoding = 4; lastKnownFileType = sourcecode.c.h; path = DatePickerViewController.h; sourceTree = "<group>"; };
		2DAECFBF1C7B0E800022EFA1 /* DatePickerViewController.m */ = {isa = PBXFileReference; fileEncoding = 4; lastKnownFileType = sourcecode.c.objc; path = DatePickerViewController.m; sourceTree = "<group>"; };
		2DB0B3131C82C9BF00B31783 /* UIImageView+RoundRect.h */ = {isa = PBXFileReference; fileEncoding = 4; lastKnownFileType = sourcecode.c.h; path = "UIImageView+RoundRect.h"; sourceTree = "<group>"; };
		2DB0B3141C82C9BF00B31783 /* UIImageView+RoundRect.m */ = {isa = PBXFileReference; fileEncoding = 4; lastKnownFileType = sourcecode.c.objc; path = "UIImageView+RoundRect.m"; sourceTree = "<group>"; };
		2DB0B3161C82CF6900B31783 /* StretchImageViewController.h */ = {isa = PBXFileReference; fileEncoding = 4; lastKnownFileType = sourcecode.c.h; path = StretchImageViewController.h; sourceTree = "<group>"; };
		2DB0B3171C82CF6900B31783 /* StretchImageViewController.m */ = {isa = PBXFileReference; fileEncoding = 4; lastKnownFileType = sourcecode.c.objc; path = StretchImageViewController.m; sourceTree = "<group>"; };
		2DB0B31B1C82CFF800B31783 /* strectch.png */ = {isa = PBXFileReference; lastKnownFileType = image.png; path = strectch.png; sourceTree = "<group>"; };
		2DB0B31D1C82E25B00B31783 /* ImageProcessingViewController.h */ = {isa = PBXFileReference; fileEncoding = 4; lastKnownFileType = sourcecode.c.h; path = ImageProcessingViewController.h; sourceTree = "<group>"; };
		2DB0B31E1C82E25B00B31783 /* ImageProcessingViewController.m */ = {isa = PBXFileReference; fileEncoding = 4; lastKnownFileType = sourcecode.c.objc; path = ImageProcessingViewController.m; sourceTree = "<group>"; };
		2DB0B3221C82EF3300B31783 /* ImageViewerViewController.h */ = {isa = PBXFileReference; fileEncoding = 4; lastKnownFileType = sourcecode.c.h; path = ImageViewerViewController.h; sourceTree = "<group>"; };
		2DB0B3231C82EF3300B31783 /* ImageViewerViewController.m */ = {isa = PBXFileReference; fileEncoding = 4; lastKnownFileType = sourcecode.c.objc; path = ImageViewerViewController.m; sourceTree = "<group>"; };
		2DB1A01D1C76C6AC0074A8B5 /* HideNavBarAndTabBarViewController.h */ = {isa = PBXFileReference; fileEncoding = 4; lastKnownFileType = sourcecode.c.h; path = HideNavBarAndTabBarViewController.h; sourceTree = "<group>"; };
		2DB1A01E1C76C6AC0074A8B5 /* HideNavBarAndTabBarViewController.m */ = {isa = PBXFileReference; fileEncoding = 4; lastKnownFileType = sourcecode.c.objc; path = HideNavBarAndTabBarViewController.m; sourceTree = "<group>"; };
		2DB1A0201C7722640074A8B5 /* SpliceCircleUI.h */ = {isa = PBXFileReference; fileEncoding = 4; lastKnownFileType = sourcecode.c.h; path = SpliceCircleUI.h; sourceTree = "<group>"; };
		2DB1A0211C7722640074A8B5 /* SpliceCircleUI.m */ = {isa = PBXFileReference; fileEncoding = 4; lastKnownFileType = sourcecode.c.objc; path = SpliceCircleUI.m; sourceTree = "<group>"; };
		2DB1A0231C77227B0074A8B5 /* SpliceCircleUI.xib */ = {isa = PBXFileReference; fileEncoding = 4; lastKnownFileType = file.xib; path = SpliceCircleUI.xib; sourceTree = "<group>"; };
		2DC03C7C1CA03EBC000B1CDD /* GraphView.h */ = {isa = PBXFileReference; fileEncoding = 4; lastKnownFileType = sourcecode.c.h; path = GraphView.h; sourceTree = "<group>"; };
		2DC03C7D1CA03EBC000B1CDD /* GraphView.m */ = {isa = PBXFileReference; fileEncoding = 4; lastKnownFileType = sourcecode.c.objc; path = GraphView.m; sourceTree = "<group>"; };
		2DC195261C83EB7A00C9F3EF /* UIImage.xcassets */ = {isa = PBXFileReference; lastKnownFileType = folder.assetcatalog; path = UIImage.xcassets; sourceTree = "<group>"; };
		2DEE81FC1C79E0170041CB11 /* ActivityIndicatorViewController.h */ = {isa = PBXFileReference; fileEncoding = 4; lastKnownFileType = sourcecode.c.h; path = ActivityIndicatorViewController.h; sourceTree = "<group>"; };
		2DEE81FD1C79E0170041CB11 /* ActivityIndicatorViewController.m */ = {isa = PBXFileReference; fileEncoding = 4; lastKnownFileType = sourcecode.c.objc; path = ActivityIndicatorViewController.m; sourceTree = "<group>"; };
		2DEE81FF1C79F15F0041CB11 /* AlertControllerViewController.h */ = {isa = PBXFileReference; fileEncoding = 4; lastKnownFileType = sourcecode.c.h; path = AlertControllerViewController.h; sourceTree = "<group>"; };
		2DEE82001C79F15F0041CB11 /* AlertControllerViewController.m */ = {isa = PBXFileReference; fileEncoding = 4; lastKnownFileType = sourcecode.c.objc; path = AlertControllerViewController.m; sourceTree = "<group>"; };
		38A5DEF78146CEF53A1681E2 /* Pods.release.xcconfig */ = {isa = PBXFileReference; includeInIndex = 1; lastKnownFileType = text.xcconfig; name = Pods.release.xcconfig; path = "Pods/Target Support Files/Pods/Pods.release.xcconfig"; sourceTree = "<group>"; };
		EB55230364E4E2858368A7A9 /* libPods.a */ = {isa = PBXFileReference; explicitFileType = archive.ar; includeInIndex = 0; path = libPods.a; sourceTree = BUILT_PRODUCTS_DIR; };
/* End PBXFileReference section */

/* Begin PBXFrameworksBuildPhase section */
		2D908DB31C7556CA00BCC770 /* Frameworks */ = {
			isa = PBXFrameworksBuildPhase;
			buildActionMask = 2147483647;
			files = (
				927EB04BAA61C8804B8435E1 /* libPods.a in Frameworks */,
				2DA94FB41C901DBA0047AF46 /* Reveal.framework in Frameworks */,
			);
			runOnlyForDeploymentPostprocessing = 0;
		};
		2D908DCC1C7556CA00BCC770 /* Frameworks */ = {
			isa = PBXFrameworksBuildPhase;
			buildActionMask = 2147483647;
			files = (
			);
			runOnlyForDeploymentPostprocessing = 0;
		};
		2D908DD71C7556CA00BCC770 /* Frameworks */ = {
			isa = PBXFrameworksBuildPhase;
			buildActionMask = 2147483647;
			files = (
			);
			runOnlyForDeploymentPostprocessing = 0;
		};
/* End PBXFrameworksBuildPhase section */

/* Begin PBXGroup section */
		2D0176701C80A7D7001215EA /* PostValue */ = {
			isa = PBXGroup;
			children = (
				2D01767B1C81F848001215EA /* DataSource.h */,
				2D01767C1C81F848001215EA /* DataSource.m */,
				2D0176711C80A805001215EA /* PostValue2ViewController.h */,
				2D0176721C80A805001215EA /* PostValue2ViewController.m */,
				2D0176731C80A805001215EA /* PostValue2ViewController.xib */,
				2D0176761C80A81A001215EA /* PostValueViewController.h */,
				2D0176771C80A81A001215EA /* PostValueViewController.m */,
				2D0176781C80A81A001215EA /* PostValueViewController.xib */,
			);
			path = PostValue;
			sourceTree = "<group>";
		};
		2D25FFBA1C8597FE007BAE7F /* Vender */ = {
			isa = PBXGroup;
			children = (
				2D80DA0E1CB3926700CB3E18 /* SScrollView */,
				2D25FFBB1C859817007BAE7F /* FPSLabel */,
			);
			path = Vender;
			sourceTree = "<group>";
		};
		2D25FFBB1C859817007BAE7F /* FPSLabel */ = {
			isa = PBXGroup;
			children = (
				2D25FFBC1C859817007BAE7F /* LPFPSLabel.h */,
				2D25FFBD1C859817007BAE7F /* LPFPSLabel.m */,
			);
			path = FPSLabel;
			sourceTree = "<group>";
		};
		2D25FFBF1C85C2A0007BAE7F /* FPSLabel */ = {
			isa = PBXGroup;
			children = (
				2D25FFC31C85C367007BAE7F /* FPSView.h */,
				2D25FFC41C85C367007BAE7F /* FPSView.m */,
				2D25FFC61C85C378007BAE7F /* FPSView.xib */,
				2D25FFC01C85C2C1007BAE7F /* LYFPSLabelViewController.h */,
				2D25FFC11C85C2C1007BAE7F /* LYFPSLabelViewController.m */,
				2D25EC401C85CE6000E95C76 /* buttonTableViewCell.h */,
				2D25EC411C85CE6000E95C76 /* buttonTableViewCell.m */,
				2D25EC421C85CE6000E95C76 /* buttonTableViewCell.xib */,
				2D153E411C86826C003560F7 /* OptimizeRoundCornerTableViewCell.h */,
				2D153E421C86826C003560F7 /* OptimizeRoundCornerTableViewCell.m */,
				2D153E431C86826C003560F7 /* OptimizeRoundCornerTableViewCell.xib */,
				2D153E3E1C868058003560F7 /* OptimizeRoundCornerViewController.h */,
				2D153E3F1C868058003560F7 /* OptimizeRoundCornerViewController.m */,
			);
			path = FPSLabel;
			sourceTree = "<group>";
		};
		2D6FFA181C9EFA6A00F086F8 /* Core Animation */ = {
			isa = PBXGroup;
			children = (
				2D6FFA191C9EFA8B00F086F8 /* CoreAnimationViewController.h */,
				2D6FFA1A1C9EFA8B00F086F8 /* CoreAnimationViewController.m */,
			);
			name = "Core Animation";
			sourceTree = "<group>";
		};
		2D6FFA1C1C9EFF0100F086F8 /* Core Graphics */ = {
			isa = PBXGroup;
			children = (
				2D6FFA211C9F047100F086F8 /* View */,
				2D6FFA201C9F045400F086F8 /* Controller */,
			);
			name = "Core Graphics";
			sourceTree = "<group>";
		};
		2D6FFA201C9F045400F086F8 /* Controller */ = {
			isa = PBXGroup;
			children = (
				2D6FFA1D1C9EFF2F00F086F8 /* CoreGraphicsViewController.h */,
				2D6FFA1E1C9EFF2F00F086F8 /* CoreGraphicsViewController.m */,
			);
			name = Controller;
			sourceTree = "<group>";
		};
		2D6FFA211C9F047100F086F8 /* View */ = {
			isa = PBXGroup;
			children = (
				2D6FFA221C9F049E00F086F8 /* DrawRectView.h */,
				2D6FFA231C9F049E00F086F8 /* DrawRectView.m */,
				2D6FFA251C9F083700F086F8 /* FlowerView.h */,
				2D6FFA261C9F083700F086F8 /* FlowerView.m */,
				2DC03C7C1CA03EBC000B1CDD /* GraphView.h */,
				2DC03C7D1CA03EBC000B1CDD /* GraphView.m */,
			);
			name = View;
			sourceTree = "<group>";
		};
		2D74559E1C9B9AAF0040AA74 /* icons */ = {
			isa = PBXGroup;
			children = (
				2D90B16D1C9BDC9C008017F3 /* alpha.png */,
				2D74559F1C9B9AAF0040AA74 /* 11.png */,
				2D7455A21C9B9AAF0040AA74 /* 13.png */,
				2D7455A41C9B9AAF0040AA74 /* 14.png */,
				2D7455A61C9B9AAF0040AA74 /* 15.png */,
				2D7455A81C9B9AAF0040AA74 /* 16.png */,
				2D7455AA1C9B9AAF0040AA74 /* 12.png */,
				2D7455AB1C9B9AAF0040AA74 /* 10.png */,
			);
			name = icons;
			path = ../../icons;
			sourceTree = "<group>";
		};
		2D80DA0A1CAFDD8600CB3E18 /* Util */ = {
			isa = PBXGroup;
			children = (
			);
			name = Util;
			sourceTree = "<group>";
		};
		2D80DA0E1CB3926700CB3E18 /* SScrollView */ = {
			isa = PBXGroup;
			children = (
				2D80DA0C1CAFDF6100CB3E18 /* SScrollView.h */,
				2D80DA0B1CAFDF6100CB3E18 /* SScrollView.m */,
			);
			name = SScrollView;
			sourceTree = "<group>";
		};
		2D908DAD1C7556CA00BCC770 = {
			isa = PBXGroup;
			children = (
				2D908DB81C7556CA00BCC770 /* CodeExmple */,
				2D908DD21C7556CA00BCC770 /* CodeExmpleTests */,
				2D908DDD1C7556CA00BCC770 /* CodeExmpleUITests */,
				8A170C419C57A15B40081053 /* Frameworks */,
				C8FF37D8BB98D2D6DF3445BB /* Pods */,
				2D908DB71C7556CA00BCC770 /* Products */,
			);
			sourceTree = "<group>";
		};
		2D908DB71C7556CA00BCC770 /* Products */ = {
			isa = PBXGroup;
			children = (
				2D908DB61C7556CA00BCC770 /* CodeExmple.app */,
				2D908DCF1C7556CA00BCC770 /* CodeExmpleTests.xctest */,
				2D908DDA1C7556CA00BCC770 /* CodeExmpleUITests.xctest */,
			);
			name = Products;
			sourceTree = "<group>";
		};
		2D908DB81C7556CA00BCC770 /* CodeExmple */ = {
			isa = PBXGroup;
			children = (
				2D908E0D1C75BC0000BCC770 /* AppDelegate */,
				2D908DFA1C759CF500BCC770 /* Other */,
				2D908DF91C759CF500BCC770 /* Lib */,
				2D908DF81C759CF500BCC770 /* Code */,
				2D908DFB1C759CF500BCC770 /* UI */,
				2D80DA0A1CAFDD8600CB3E18 /* Util */,
				2D908DFC1C759D4500BCC770 /* Category */,
				2D908DB91C7556CA00BCC770 /* Supporting Files */,
				2D908E0C1C75BBD400BCC770 /* TabBar */,
				2D25FFBA1C8597FE007BAE7F /* Vender */,
			);
			path = CodeExmple;
			sourceTree = "<group>";
		};
		2D908DB91C7556CA00BCC770 /* Supporting Files */ = {
			isa = PBXGroup;
			children = (
				2D74559E1C9B9AAF0040AA74 /* icons */,
				2D908DC51C7556CA00BCC770 /* Assets.xcassets */,
				2D908E081C759EE300BCC770 /* CodeExamplePCH.pch */,
				2D908DCA1C7556CA00BCC770 /* Info.plist */,
				2D908DC71C7556CA00BCC770 /* LaunchScreen.storyboard */,
				2D908DC21C7556CA00BCC770 /* Main.storyboard */,
				2DC195261C83EB7A00C9F3EF /* UIImage.xcassets */,
				2D908DBA1C7556CA00BCC770 /* main.m */,
			);
			path = "Supporting Files";
			sourceTree = "<group>";
		};
		2D908DD21C7556CA00BCC770 /* CodeExmpleTests */ = {
			isa = PBXGroup;
			children = (
				2D908DD31C7556CA00BCC770 /* CodeExmpleTests.m */,
				2D908DD51C7556CA00BCC770 /* Info.plist */,
			);
			path = CodeExmpleTests;
			sourceTree = "<group>";
		};
		2D908DDD1C7556CA00BCC770 /* CodeExmpleUITests */ = {
			isa = PBXGroup;
			children = (
				2D908DDE1C7556CA00BCC770 /* CodeExmpleUITests.m */,
				2D908DE01C7556CA00BCC770 /* Info.plist */,
			);
			path = CodeExmpleUITests;
			sourceTree = "<group>";
		};
		2D908DF81C759CF500BCC770 /* Code */ = {
			isa = PBXGroup;
			children = (
				2D6FFA1C1C9EFF0100F086F8 /* Core Graphics */,
				2D6FFA181C9EFA6A00F086F8 /* Core Animation */,
				2D0176701C80A7D7001215EA /* PostValue */,
				2DA94FAD1C8D12870047AF46 /* Thread */,
			);
			path = Code;
			sourceTree = "<group>";
		};
		2D908DF91C759CF500BCC770 /* Lib */ = {
			isa = PBXGroup;
			children = (
				2D80DA0F1CB392EA00CB3E18 /* SScrollViewViewContoller.h */,
				2D80DA101CB392EA00CB3E18 /* SScrollViewViewContoller.m */,
			);
			path = Lib;
			sourceTree = "<group>";
		};
		2D908DFA1C759CF500BCC770 /* Other */ = {
			isa = PBXGroup;
			children = (
				2D25FFBF1C85C2A0007BAE7F /* FPSLabel */,
				2DB0B3201C82E27700B31783 /* ImageProcessing */,
				2DB0B3211C82EF0F00B31783 /* ImageViewer */,
				2DB1A01D1C76C6AC0074A8B5 /* HideNavBarAndTabBarViewController.h */,
				2DB1A01E1C76C6AC0074A8B5 /* HideNavBarAndTabBarViewController.m */,
				2DB1A0201C7722640074A8B5 /* SpliceCircleUI.h */,
				2DB1A0211C7722640074A8B5 /* SpliceCircleUI.m */,
				2DB1A0231C77227B0074A8B5 /* SpliceCircleUI.xib */,
				2D908E091C75A4A700BCC770 /* SpliceCircleViewController.h */,
				2D908E0A1C75A4A700BCC770 /* SpliceCircleViewController.m */,
			);
			path = Other;
			sourceTree = "<group>";
		};
		2D908DFB1C759CF500BCC770 /* UI */ = {
			isa = PBXGroup;
			children = (
				2DEE81FC1C79E0170041CB11 /* ActivityIndicatorViewController.h */,
				2DEE81FD1C79E0170041CB11 /* ActivityIndicatorViewController.m */,
				2DEE81FF1C79F15F0041CB11 /* AlertControllerViewController.h */,
				2DEE82001C79F15F0041CB11 /* AlertControllerViewController.m */,
				2DAECFBE1C7B0E800022EFA1 /* DatePickerViewController.h */,
				2DAECFBF1C7B0E800022EFA1 /* DatePickerViewController.m */,
				2D01766A1C8003E9001215EA /* LYProgressViewController.h */,
				2D01766B1C8003E9001215EA /* LYProgressViewController.m */,
				2D768C721C7B4CB7007A98EA /* PickerViewViewController.h */,
				2D768C731C7B4CB7007A98EA /* PickerViewViewController.m */,
			);
			path = UI;
			sourceTree = "<group>";
		};
		2D908DFC1C759D4500BCC770 /* Category */ = {
			isa = PBXGroup;
			children = (
				2D908E001C759DE000BCC770 /* Foundation+Log.m */,
				2D908E011C759DE000BCC770 /* UIBarButtonItem+Extension.h */,
				2D908E021C759DE000BCC770 /* UIBarButtonItem+Extension.m */,
				2D908E031C759DE000BCC770 /* UIImage+Extension.h */,
				2D908E041C759DE000BCC770 /* UIImage+Extension.m */,
				2DB0B3131C82C9BF00B31783 /* UIImageView+RoundRect.h */,
				2DB0B3141C82C9BF00B31783 /* UIImageView+RoundRect.m */,
				2D908DFD1C759DAC00BCC770 /* UIView+Extension.h */,
				2D908DFE1C759DAC00BCC770 /* UIView+Extension.m */,
			);
			path = Category;
			sourceTree = "<group>";
		};
		2D908E0C1C75BBD400BCC770 /* TabBar */ = {
			isa = PBXGroup;
			children = (
				2D908DF51C7557DB00BCC770 /* TabBarViewController.h */,
				2D908DF61C7557DB00BCC770 /* TabBarViewController.m */,
				2D908DF21C75570C00BCC770 /* FourViewController.h */,
				2D908DF31C75570C00BCC770 /* FourViewController.m */,
				2D908DEF1C75570200BCC770 /* ThreeViewController.h */,
				2D908DF01C75570200BCC770 /* ThreeViewController.m */,
				2D908DEC1C7556FB00BCC770 /* TwoViewController.h */,
				2D908DED1C7556FB00BCC770 /* TwoViewController.m */,
				2D908DBF1C7556CA00BCC770 /* ViewController.h */,
				2D908DC01C7556CA00BCC770 /* ViewController.m */,
			);
			path = TabBar;
			sourceTree = "<group>";
		};
		2D908E0D1C75BC0000BCC770 /* AppDelegate */ = {
			isa = PBXGroup;
			children = (
				2D908DBC1C7556CA00BCC770 /* AppDelegate.h */,
				2D908DBD1C7556CA00BCC770 /* AppDelegate.m */,
			);
			path = AppDelegate;
			sourceTree = "<group>";
		};
		2DA94FAD1C8D12870047AF46 /* Thread */ = {
			isa = PBXGroup;
			children = (
				2D6FFA111C9EE04F00F086F8 /* ThreadViewController.h */,
				2D6FFA121C9EE04F00F086F8 /* ThreadViewController.m */,
				2D6FFA141C9EEA0800F086F8 /* AccountManager.h */,
				2D6FFA151C9EEA0800F086F8 /* AccountManager.m */,
			);
			path = Thread;
			sourceTree = "<group>";
		};
		2DB0B3201C82E27700B31783 /* ImageProcessing */ = {
			isa = PBXGroup;
			children = (
				2DB0B31D1C82E25B00B31783 /* ImageProcessingViewController.h */,
				2DB0B31E1C82E25B00B31783 /* ImageProcessingViewController.m */,
				2DAECFBB1C7AEE050022EFA1 /* RoundCornerViewController.h */,
				2DAECFBC1C7AEE050022EFA1 /* RoundCornerViewController.m */,
				2DB0B3161C82CF6900B31783 /* StretchImageViewController.h */,
				2DB0B3171C82CF6900B31783 /* StretchImageViewController.m */,
				2DB0B31B1C82CFF800B31783 /* strectch.png */,
			);
			path = ImageProcessing;
			sourceTree = "<group>";
		};
		2DB0B3211C82EF0F00B31783 /* ImageViewer */ = {
			isa = PBXGroup;
			children = (
				2DB0B3221C82EF3300B31783 /* ImageViewerViewController.h */,
				2DB0B3231C82EF3300B31783 /* ImageViewerViewController.m */,
			);
			path = ImageViewer;
			sourceTree = "<group>";
		};
		8A170C419C57A15B40081053 /* Frameworks */ = {
			isa = PBXGroup;
			children = (
				2DA94FB31C901DBA0047AF46 /* Reveal.framework */,
				EB55230364E4E2858368A7A9 /* libPods.a */,
			);
			name = Frameworks;
			sourceTree = "<group>";
		};
		C8FF37D8BB98D2D6DF3445BB /* Pods */ = {
			isa = PBXGroup;
			children = (
				1E76DF54269457157FB99C45 /* Pods.debug.xcconfig */,
				38A5DEF78146CEF53A1681E2 /* Pods.release.xcconfig */,
			);
			name = Pods;
			sourceTree = "<group>";
		};
/* End PBXGroup section */

/* Begin PBXNativeTarget section */
		2D908DB51C7556CA00BCC770 /* CodeExmple */ = {
			isa = PBXNativeTarget;
			buildConfigurationList = 2D908DE31C7556CA00BCC770 /* Build configuration list for PBXNativeTarget "CodeExmple" */;
			buildPhases = (
				3A213E1243B98EE1D05A442A /* Check Pods Manifest.lock */,
				2D908DB21C7556CA00BCC770 /* Sources */,
				2D908DB31C7556CA00BCC770 /* Frameworks */,
				2D908DB41C7556CA00BCC770 /* Resources */,
				2F3A5FE6822D7DA6A5BE1682 /* Embed Pods Frameworks */,
				454AC2E65FE04E7EBF80026F /* Copy Pods Resources */,
			);
			buildRules = (
			);
			dependencies = (
			);
			name = CodeExmple;
			productName = CodeExmple;
			productReference = 2D908DB61C7556CA00BCC770 /* CodeExmple.app */;
			productType = "com.apple.product-type.application";
		};
		2D908DCE1C7556CA00BCC770 /* CodeExmpleTests */ = {
			isa = PBXNativeTarget;
			buildConfigurationList = 2D908DE61C7556CA00BCC770 /* Build configuration list for PBXNativeTarget "CodeExmpleTests" */;
			buildPhases = (
				2D908DCB1C7556CA00BCC770 /* Sources */,
				2D908DCC1C7556CA00BCC770 /* Frameworks */,
				2D908DCD1C7556CA00BCC770 /* Resources */,
			);
			buildRules = (
			);
			dependencies = (
				2D908DD11C7556CA00BCC770 /* PBXTargetDependency */,
			);
			name = CodeExmpleTests;
			productName = CodeExmpleTests;
			productReference = 2D908DCF1C7556CA00BCC770 /* CodeExmpleTests.xctest */;
			productType = "com.apple.product-type.bundle.unit-test";
		};
		2D908DD91C7556CA00BCC770 /* CodeExmpleUITests */ = {
			isa = PBXNativeTarget;
			buildConfigurationList = 2D908DE91C7556CA00BCC770 /* Build configuration list for PBXNativeTarget "CodeExmpleUITests" */;
			buildPhases = (
				2D908DD61C7556CA00BCC770 /* Sources */,
				2D908DD71C7556CA00BCC770 /* Frameworks */,
				2D908DD81C7556CA00BCC770 /* Resources */,
			);
			buildRules = (
			);
			dependencies = (
				2D908DDC1C7556CA00BCC770 /* PBXTargetDependency */,
			);
			name = CodeExmpleUITests;
			productName = CodeExmpleUITests;
			productReference = 2D908DDA1C7556CA00BCC770 /* CodeExmpleUITests.xctest */;
			productType = "com.apple.product-type.bundle.ui-testing";
		};
/* End PBXNativeTarget section */

/* Begin PBXProject section */
		2D908DAE1C7556CA00BCC770 /* Project object */ = {
			isa = PBXProject;
			attributes = {
				LastUpgradeCheck = 0720;
				ORGANIZATIONNAME = WanJianTechnology;
				TargetAttributes = {
					2D908DB51C7556CA00BCC770 = {
						CreatedOnToolsVersion = 7.2;
					};
					2D908DCE1C7556CA00BCC770 = {
						CreatedOnToolsVersion = 7.2;
						TestTargetID = 2D908DB51C7556CA00BCC770;
					};
					2D908DD91C7556CA00BCC770 = {
						CreatedOnToolsVersion = 7.2;
						TestTargetID = 2D908DB51C7556CA00BCC770;
					};
				};
			};
			buildConfigurationList = 2D908DB11C7556CA00BCC770 /* Build configuration list for PBXProject "CodeExmple" */;
			compatibilityVersion = "Xcode 3.2";
			developmentRegion = English;
			hasScannedForEncodings = 0;
			knownRegions = (
				en,
				Base,
			);
			mainGroup = 2D908DAD1C7556CA00BCC770;
			productRefGroup = 2D908DB71C7556CA00BCC770 /* Products */;
			projectDirPath = "";
			projectRoot = "";
			targets = (
				2D908DB51C7556CA00BCC770 /* CodeExmple */,
				2D908DCE1C7556CA00BCC770 /* CodeExmpleTests */,
				2D908DD91C7556CA00BCC770 /* CodeExmpleUITests */,
			);
		};
/* End PBXProject section */

/* Begin PBXResourcesBuildPhase section */
		2D908DB41C7556CA00BCC770 /* Resources */ = {
			isa = PBXResourcesBuildPhase;
			buildActionMask = 2147483647;
			files = (
				2D908DC91C7556CA00BCC770 /* LaunchScreen.storyboard in Resources */,
				2D153E451C86826C003560F7 /* OptimizeRoundCornerTableViewCell.xib in Resources */,
				2D7456691C9B9AB00040AA74 /* 15.png in Resources */,
				2D74566E1C9B9AB00040AA74 /* 10.png in Resources */,
				2D908DC61C7556CA00BCC770 /* Assets.xcassets in Resources */,
				2D908DC41C7556CA00BCC770 /* Main.storyboard in Resources */,
				2D74566B1C9B9AB00040AA74 /* 16.png in Resources */,
				2D7456651C9B9AB00040AA74 /* 13.png in Resources */,
				2D0176751C80A805001215EA /* PostValue2ViewController.xib in Resources */,
				2D01767A1C80A81A001215EA /* PostValueViewController.xib in Resources */,
				2D7456621C9B9AB00040AA74 /* 11.png in Resources */,
				2D7456671C9B9AB00040AA74 /* 14.png in Resources */,
				2D25EC441C85CE6000E95C76 /* buttonTableViewCell.xib in Resources */,
				2D74566D1C9B9AB00040AA74 /* 12.png in Resources */,
				2DC195271C83EB7A00C9F3EF /* UIImage.xcassets in Resources */,
				2DB1A0241C77227B0074A8B5 /* SpliceCircleUI.xib in Resources */,
				2D25FFC71C85C378007BAE7F /* FPSView.xib in Resources */,
				2D90B16E1C9BDC9C008017F3 /* alpha.png in Resources */,
				2DB0B31C1C82CFF800B31783 /* strectch.png in Resources */,
			);
			runOnlyForDeploymentPostprocessing = 0;
		};
		2D908DCD1C7556CA00BCC770 /* Resources */ = {
			isa = PBXResourcesBuildPhase;
			buildActionMask = 2147483647;
			files = (
			);
			runOnlyForDeploymentPostprocessing = 0;
		};
		2D908DD81C7556CA00BCC770 /* Resources */ = {
			isa = PBXResourcesBuildPhase;
			buildActionMask = 2147483647;
			files = (
			);
			runOnlyForDeploymentPostprocessing = 0;
		};
/* End PBXResourcesBuildPhase section */

/* Begin PBXShellScriptBuildPhase section */
		2F3A5FE6822D7DA6A5BE1682 /* Embed Pods Frameworks */ = {
			isa = PBXShellScriptBuildPhase;
			buildActionMask = 2147483647;
			files = (
			);
			inputPaths = (
			);
			name = "Embed Pods Frameworks";
			outputPaths = (
			);
			runOnlyForDeploymentPostprocessing = 0;
			shellPath = /bin/sh;
			shellScript = "\"${SRCROOT}/Pods/Target Support Files/Pods/Pods-frameworks.sh\"\n";
			showEnvVarsInLog = 0;
		};
		3A213E1243B98EE1D05A442A /* Check Pods Manifest.lock */ = {
			isa = PBXShellScriptBuildPhase;
			buildActionMask = 2147483647;
			files = (
			);
			inputPaths = (
			);
			name = "Check Pods Manifest.lock";
			outputPaths = (
			);
			runOnlyForDeploymentPostprocessing = 0;
			shellPath = /bin/sh;
			shellScript = "diff \"${PODS_ROOT}/../Podfile.lock\" \"${PODS_ROOT}/Manifest.lock\" > /dev/null\nif [[ $? != 0 ]] ; then\n    cat << EOM\nerror: The sandbox is not in sync with the Podfile.lock. Run 'pod install' or update your CocoaPods installation.\nEOM\n    exit 1\nfi\n";
			showEnvVarsInLog = 0;
		};
		454AC2E65FE04E7EBF80026F /* Copy Pods Resources */ = {
			isa = PBXShellScriptBuildPhase;
			buildActionMask = 2147483647;
			files = (
			);
			inputPaths = (
			);
			name = "Copy Pods Resources";
			outputPaths = (
			);
			runOnlyForDeploymentPostprocessing = 0;
			shellPath = /bin/sh;
			shellScript = "\"${SRCROOT}/Pods/Target Support Files/Pods/Pods-resources.sh\"\n";
			showEnvVarsInLog = 0;
		};
/* End PBXShellScriptBuildPhase section */

/* Begin PBXSourcesBuildPhase section */
		2D908DB21C7556CA00BCC770 /* Sources */ = {
			isa = PBXSourcesBuildPhase;
			buildActionMask = 2147483647;
			files = (
				2D768C741C7B4CB7007A98EA /* PickerViewViewController.m in Sources */,
				2DB0B31F1C82E25B00B31783 /* ImageProcessingViewController.m in Sources */,
				2D25FFC51C85C367007BAE7F /* FPSView.m in Sources */,
				2D25EC431C85CE6000E95C76 /* buttonTableViewCell.m in Sources */,
				2D908DF41C75570C00BCC770 /* FourViewController.m in Sources */,
				2DB0B3241C82EF3300B31783 /* ImageViewerViewController.m in Sources */,
				2D01767D1C81F848001215EA /* DataSource.m in Sources */,
				2D6FFA131C9EE04F00F086F8 /* ThreadViewController.m in Sources */,
				2D908DC11C7556CA00BCC770 /* ViewController.m in Sources */,
				2D908DF71C7557DB00BCC770 /* TabBarViewController.m in Sources */,
				2D6FFA1B1C9EFA8B00F086F8 /* CoreAnimationViewController.m in Sources */,
				2D0176791C80A81A001215EA /* PostValueViewController.m in Sources */,
				2DB0B3181C82CF6900B31783 /* StretchImageViewController.m in Sources */,
				2D908DBE1C7556CA00BCC770 /* AppDelegate.m in Sources */,
				2D908E0B1C75A4A700BCC770 /* SpliceCircleViewController.m in Sources */,
				2DEE82011C79F15F0041CB11 /* AlertControllerViewController.m in Sources */,
				2D908E061C759DE000BCC770 /* UIBarButtonItem+Extension.m in Sources */,
				2D908DBB1C7556CA00BCC770 /* main.m in Sources */,
				2DC03C7E1CA03EBC000B1CDD /* GraphView.m in Sources */,
				2D6FFA1F1C9EFF2F00F086F8 /* CoreGraphicsViewController.m in Sources */,
				2DB1A0221C7722640074A8B5 /* SpliceCircleUI.m in Sources */,
				2D80DA111CB392EA00CB3E18 /* SScrollViewViewContoller.m in Sources */,
				2D908E051C759DE000BCC770 /* Foundation+Log.m in Sources */,
				2DEE81FE1C79E0170041CB11 /* ActivityIndicatorViewController.m in Sources */,
				2D80DA0D1CAFDF6100CB3E18 /* SScrollView.m in Sources */,
				2DAECFBD1C7AEE050022EFA1 /* RoundCornerViewController.m in Sources */,
				2D153E441C86826C003560F7 /* OptimizeRoundCornerTableViewCell.m in Sources */,
				2D6FFA241C9F049E00F086F8 /* DrawRectView.m in Sources */,
				2DB0B3151C82C9BF00B31783 /* UIImageView+RoundRect.m in Sources */,
				2DB1A01F1C76C6AC0074A8B5 /* HideNavBarAndTabBarViewController.m in Sources */,
				2D25FFBE1C859817007BAE7F /* LPFPSLabel.m in Sources */,
				2D153E401C868058003560F7 /* OptimizeRoundCornerViewController.m in Sources */,
				2D01766C1C8003E9001215EA /* LYProgressViewController.m in Sources */,
				2D908DEE1C7556FB00BCC770 /* TwoViewController.m in Sources */,
				2D908DFF1C759DAC00BCC770 /* UIView+Extension.m in Sources */,
				2D25FFC21C85C2C1007BAE7F /* LYFPSLabelViewController.m in Sources */,
				2D6FFA271C9F083700F086F8 /* FlowerView.m in Sources */,
				2D908E071C759DE000BCC770 /* UIImage+Extension.m in Sources */,
				2D0176741C80A805001215EA /* PostValue2ViewController.m in Sources */,
				2DAECFC01C7B0E800022EFA1 /* DatePickerViewController.m in Sources */,
				2D908DF11C75570200BCC770 /* ThreeViewController.m in Sources */,
				2D6FFA161C9EEA0800F086F8 /* AccountManager.m in Sources */,
			);
			runOnlyForDeploymentPostprocessing = 0;
		};
		2D908DCB1C7556CA00BCC770 /* Sources */ = {
			isa = PBXSourcesBuildPhase;
			buildActionMask = 2147483647;
			files = (
				2D908DD41C7556CA00BCC770 /* CodeExmpleTests.m in Sources */,
			);
			runOnlyForDeploymentPostprocessing = 0;
		};
		2D908DD61C7556CA00BCC770 /* Sources */ = {
			isa = PBXSourcesBuildPhase;
			buildActionMask = 2147483647;
			files = (
				2D908DDF1C7556CA00BCC770 /* CodeExmpleUITests.m in Sources */,
			);
			runOnlyForDeploymentPostprocessing = 0;
		};
/* End PBXSourcesBuildPhase section */

/* Begin PBXTargetDependency section */
		2D908DD11C7556CA00BCC770 /* PBXTargetDependency */ = {
			isa = PBXTargetDependency;
			target = 2D908DB51C7556CA00BCC770 /* CodeExmple */;
			targetProxy = 2D908DD01C7556CA00BCC770 /* PBXContainerItemProxy */;
		};
		2D908DDC1C7556CA00BCC770 /* PBXTargetDependency */ = {
			isa = PBXTargetDependency;
			target = 2D908DB51C7556CA00BCC770 /* CodeExmple */;
			targetProxy = 2D908DDB1C7556CA00BCC770 /* PBXContainerItemProxy */;
		};
/* End PBXTargetDependency section */

/* Begin PBXVariantGroup section */
		2D908DC21C7556CA00BCC770 /* Main.storyboard */ = {
			isa = PBXVariantGroup;
			children = (
				2D908DC31C7556CA00BCC770 /* Base */,
			);
			name = Main.storyboard;
			path = .;
			sourceTree = "<group>";
		};
		2D908DC71C7556CA00BCC770 /* LaunchScreen.storyboard */ = {
			isa = PBXVariantGroup;
			children = (
				2D908DC81C7556CA00BCC770 /* Base */,
			);
			name = LaunchScreen.storyboard;
			path = .;
			sourceTree = "<group>";
		};
/* End PBXVariantGroup section */

/* Begin XCBuildConfiguration section */
		2D908DE11C7556CA00BCC770 /* Debug */ = {
			isa = XCBuildConfiguration;
			buildSettings = {
				ALWAYS_SEARCH_USER_PATHS = NO;
				CLANG_CXX_LANGUAGE_STANDARD = "gnu++0x";
				CLANG_CXX_LIBRARY = "libc++";
				CLANG_ENABLE_MODULES = YES;
				CLANG_ENABLE_OBJC_ARC = YES;
				CLANG_WARN_BOOL_CONVERSION = YES;
				CLANG_WARN_CONSTANT_CONVERSION = YES;
				CLANG_WARN_DIRECT_OBJC_ISA_USAGE = YES_ERROR;
				CLANG_WARN_EMPTY_BODY = YES;
				CLANG_WARN_ENUM_CONVERSION = YES;
				CLANG_WARN_INT_CONVERSION = YES;
				CLANG_WARN_OBJC_ROOT_CLASS = YES_ERROR;
				CLANG_WARN_UNREACHABLE_CODE = YES;
				CLANG_WARN__DUPLICATE_METHOD_MATCH = YES;
				"CODE_SIGN_IDENTITY[sdk=iphoneos*]" = "iPhone Developer";
				COPY_PHASE_STRIP = NO;
				DEBUG_INFORMATION_FORMAT = dwarf;
				ENABLE_STRICT_OBJC_MSGSEND = YES;
				ENABLE_TESTABILITY = YES;
				GCC_C_LANGUAGE_STANDARD = gnu99;
				GCC_DYNAMIC_NO_PIC = NO;
				GCC_NO_COMMON_BLOCKS = YES;
				GCC_OPTIMIZATION_LEVEL = 0;
				GCC_PREPROCESSOR_DEFINITIONS = (
					"DEBUG=1",
					"$(inherited)",
				);
				GCC_SYMBOLS_PRIVATE_EXTERN = NO;
				GCC_WARN_64_TO_32_BIT_CONVERSION = YES;
				GCC_WARN_ABOUT_RETURN_TYPE = YES_ERROR;
				GCC_WARN_UNDECLARED_SELECTOR = YES;
				GCC_WARN_UNINITIALIZED_AUTOS = YES_AGGRESSIVE;
				GCC_WARN_UNUSED_FUNCTION = YES;
				GCC_WARN_UNUSED_VARIABLE = YES;
				IPHONEOS_DEPLOYMENT_TARGET = 9.2;
				MTL_ENABLE_DEBUG_INFO = YES;
				ONLY_ACTIVE_ARCH = YES;
				SDKROOT = iphoneos;
				TARGETED_DEVICE_FAMILY = "1,2";
			};
			name = Debug;
		};
		2D908DE21C7556CA00BCC770 /* Release */ = {
			isa = XCBuildConfiguration;
			buildSettings = {
				ALWAYS_SEARCH_USER_PATHS = NO;
				CLANG_CXX_LANGUAGE_STANDARD = "gnu++0x";
				CLANG_CXX_LIBRARY = "libc++";
				CLANG_ENABLE_MODULES = YES;
				CLANG_ENABLE_OBJC_ARC = YES;
				CLANG_WARN_BOOL_CONVERSION = YES;
				CLANG_WARN_CONSTANT_CONVERSION = YES;
				CLANG_WARN_DIRECT_OBJC_ISA_USAGE = YES_ERROR;
				CLANG_WARN_EMPTY_BODY = YES;
				CLANG_WARN_ENUM_CONVERSION = YES;
				CLANG_WARN_INT_CONVERSION = YES;
				CLANG_WARN_OBJC_ROOT_CLASS = YES_ERROR;
				CLANG_WARN_UNREACHABLE_CODE = YES;
				CLANG_WARN__DUPLICATE_METHOD_MATCH = YES;
				"CODE_SIGN_IDENTITY[sdk=iphoneos*]" = "iPhone Developer";
				COPY_PHASE_STRIP = NO;
				DEBUG_INFORMATION_FORMAT = "dwarf-with-dsym";
				ENABLE_NS_ASSERTIONS = NO;
				ENABLE_STRICT_OBJC_MSGSEND = YES;
				GCC_C_LANGUAGE_STANDARD = gnu99;
				GCC_NO_COMMON_BLOCKS = YES;
				GCC_WARN_64_TO_32_BIT_CONVERSION = YES;
				GCC_WARN_ABOUT_RETURN_TYPE = YES_ERROR;
				GCC_WARN_UNDECLARED_SELECTOR = YES;
				GCC_WARN_UNINITIALIZED_AUTOS = YES_AGGRESSIVE;
				GCC_WARN_UNUSED_FUNCTION = YES;
				GCC_WARN_UNUSED_VARIABLE = YES;
				IPHONEOS_DEPLOYMENT_TARGET = 9.2;
				MTL_ENABLE_DEBUG_INFO = NO;
				SDKROOT = iphoneos;
				TARGETED_DEVICE_FAMILY = "1,2";
				VALIDATE_PRODUCT = YES;
			};
			name = Release;
		};
		2D908DE41C7556CA00BCC770 /* Debug */ = {
			isa = XCBuildConfiguration;
			baseConfigurationReference = 1E76DF54269457157FB99C45 /* Pods.debug.xcconfig */;
			buildSettings = {
				ASSETCATALOG_COMPILER_APPICON_NAME = AppIcon;
				CODE_SIGN_IDENTITY = "iPhone Developer";
				FRAMEWORK_SEARCH_PATHS = (
					"$(inherited)",
					"$(PROJECT_DIR)",
				);
				GCC_PREFIX_HEADER = "${SRCROOT}/CodeExmple/Supporting Files/CodeExamplePCH.pch";
				INFOPLIST_FILE = "CodeExmple/Supporting Files/Info.plist";
				LD_RUNPATH_SEARCH_PATHS = "$(inherited) @executable_path/Frameworks";
				OTHER_LDFLAGS = (
					"$(inherited)",
					"-ObjC",
					"-l\"AFNetworking\"",
					"-l\"FMDB\"",
					"-l\"JSONModel\"",
					"-l\"MBProgressHUD\"",
					"-l\"MagicalRecord\"",
					"-l\"Mantle\"",
					"-l\"Masonry\"",
					"-l\"SDWebImage\"",
					"-l\"YYKit\"",
					"-l\"sqlite3\"",
					"-l\"z\"",
					"-framework",
					"\"Accelerate\"",
					"-framework",
					"\"AssetsLibrary\"",
					"-framework",
					"\"CoreData\"",
					"-framework",
					"\"CoreFoundation\"",
					"-framework",
					"\"CoreGraphics\"",
					"-framework",
					"\"CoreImage\"",
					"-framework",
					"\"CoreText\"",
					"-framework",
					"\"Foundation\"",
					"-framework",
					"\"ImageIO\"",
					"-framework",
					"\"MobileCoreServices\"",
					"-framework",
					"\"QuartzCore\"",
					"-framework",
					"\"Security\"",
					"-framework",
					"\"SystemConfiguration\"",
					"-framework",
					"\"UIKit\"",
					"-framework",
					"\"WebP\"",
					"-ObjC",
					"-lz",
					"-framework",
					Reveal,
				);
				PRODUCT_BUNDLE_IDENTIFIER = com.WanJianTechnology.CodeExmple;
				PRODUCT_NAME = "$(TARGET_NAME)";
				USER_HEADER_SEARCH_PATHS = "${SRCROOT}/**";
			};
			name = Debug;
		};
		2D908DE51C7556CA00BCC770 /* Release */ = {
			isa = XCBuildConfiguration;
			baseConfigurationReference = 38A5DEF78146CEF53A1681E2 /* Pods.release.xcconfig */;
			buildSettings = {
				ASSETCATALOG_COMPILER_APPICON_NAME = AppIcon;
				CODE_SIGN_IDENTITY = "iPhone Developer";
				FRAMEWORK_SEARCH_PATHS = (
					"$(inherited)",
					"$(PROJECT_DIR)",
				);
				GCC_PREFIX_HEADER = "${SRCROOT}/CodeExmple/Supporting Files/CodeExamplePCH.pch";
				INFOPLIST_FILE = "CodeExmple/Supporting Files/Info.plist";
				LD_RUNPATH_SEARCH_PATHS = "$(inherited) @executable_path/Frameworks";
				OTHER_LDFLAGS = (
					"$(inherited)",
					"-ObjC",
					"-l\"AFNetworking\"",
					"-l\"FMDB\"",
					"-l\"JSONModel\"",
					"-l\"MBProgressHUD\"",
					"-l\"MagicalRecord\"",
					"-l\"Mantle\"",
					"-l\"Masonry\"",
					"-l\"SDWebImage\"",
					"-l\"YYKit\"",
					"-l\"sqlite3\"",
					"-l\"z\"",
					"-framework",
					"\"Accelerate\"",
					"-framework",
					"\"AssetsLibrary\"",
					"-framework",
					"\"CoreData\"",
					"-framework",
					"\"CoreFoundation\"",
					"-framework",
					"\"CoreGraphics\"",
					"-framework",
					"\"CoreImage\"",
					"-framework",
					"\"CoreText\"",
					"-framework",
					"\"Foundation\"",
					"-framework",
					"\"ImageIO\"",
					"-framework",
					"\"MobileCoreServices\"",
					"-framework",
					"\"QuartzCore\"",
					"-framework",
					"\"Security\"",
					"-framework",
					"\"SystemConfiguration\"",
					"-framework",
					"\"UIKit\"",
					"-framework",
					"\"WebP\"",
					"-ObjC",
					"-lz",
					"-framework",
					Reveal,
				);
				PRODUCT_BUNDLE_IDENTIFIER = com.WanJianTechnology.CodeExmple;
				PRODUCT_NAME = "$(TARGET_NAME)";
				USER_HEADER_SEARCH_PATHS = "${SRCROOT}/**";
			};
			name = Release;
		};
		2D908DE71C7556CA00BCC770 /* Debug */ = {
			isa = XCBuildConfiguration;
			buildSettings = {
				BUNDLE_LOADER = "$(TEST_HOST)";
				GCC_SYMBOLS_PRIVATE_EXTERN = NO;
				INFOPLIST_FILE = CodeExmpleTests/Info.plist;
				LD_RUNPATH_SEARCH_PATHS = "$(inherited) @executable_path/Frameworks @loader_path/Frameworks";
				PRODUCT_BUNDLE_IDENTIFIER = com.WanJianTechnology.CodeExmpleTests;
				PRODUCT_NAME = "$(TARGET_NAME)";
				TEST_HOST = "$(BUILT_PRODUCTS_DIR)/CodeExmple.app/CodeExmple";
			};
			name = Debug;
		};
		2D908DE81C7556CA00BCC770 /* Release */ = {
			isa = XCBuildConfiguration;
			buildSettings = {
				BUNDLE_LOADER = "$(TEST_HOST)";
				INFOPLIST_FILE = CodeExmpleTests/Info.plist;
				LD_RUNPATH_SEARCH_PATHS = "$(inherited) @executable_path/Frameworks @loader_path/Frameworks";
				PRODUCT_BUNDLE_IDENTIFIER = com.WanJianTechnology.CodeExmpleTests;
				PRODUCT_NAME = "$(TARGET_NAME)";
				TEST_HOST = "$(BUILT_PRODUCTS_DIR)/CodeExmple.app/CodeExmple";
			};
			name = Release;
		};
		2D908DEA1C7556CA00BCC770 /* Debug */ = {
			isa = XCBuildConfiguration;
			buildSettings = {
				GCC_SYMBOLS_PRIVATE_EXTERN = NO;
				INFOPLIST_FILE = CodeExmpleUITests/Info.plist;
				LD_RUNPATH_SEARCH_PATHS = "$(inherited) @executable_path/Frameworks @loader_path/Frameworks";
				PRODUCT_BUNDLE_IDENTIFIER = com.WanJianTechnology.CodeExmpleUITests;
				PRODUCT_NAME = "$(TARGET_NAME)";
				TEST_TARGET_NAME = CodeExmple;
				USES_XCTRUNNER = YES;
			};
			name = Debug;
		};
		2D908DEB1C7556CA00BCC770 /* Release */ = {
			isa = XCBuildConfiguration;
			buildSettings = {
				INFOPLIST_FILE = CodeExmpleUITests/Info.plist;
				LD_RUNPATH_SEARCH_PATHS = "$(inherited) @executable_path/Frameworks @loader_path/Frameworks";
				PRODUCT_BUNDLE_IDENTIFIER = com.WanJianTechnology.CodeExmpleUITests;
				PRODUCT_NAME = "$(TARGET_NAME)";
				TEST_TARGET_NAME = CodeExmple;
				USES_XCTRUNNER = YES;
			};
			name = Release;
		};
/* End XCBuildConfiguration section */

/* Begin XCConfigurationList section */
		2D908DB11C7556CA00BCC770 /* Build configuration list for PBXProject "CodeExmple" */ = {
			isa = XCConfigurationList;
			buildConfigurations = (
				2D908DE11C7556CA00BCC770 /* Debug */,
				2D908DE21C7556CA00BCC770 /* Release */,
			);
			defaultConfigurationIsVisible = 0;
			defaultConfigurationName = Release;
		};
		2D908DE31C7556CA00BCC770 /* Build configuration list for PBXNativeTarget "CodeExmple" */ = {
			isa = XCConfigurationList;
			buildConfigurations = (
				2D908DE41C7556CA00BCC770 /* Debug */,
				2D908DE51C7556CA00BCC770 /* Release */,
			);
			defaultConfigurationIsVisible = 0;
			defaultConfigurationName = Release;
		};
		2D908DE61C7556CA00BCC770 /* Build configuration list for PBXNativeTarget "CodeExmpleTests" */ = {
			isa = XCConfigurationList;
			buildConfigurations = (
				2D908DE71C7556CA00BCC770 /* Debug */,
				2D908DE81C7556CA00BCC770 /* Release */,
			);
			defaultConfigurationIsVisible = 0;
			defaultConfigurationName = Release;
		};
		2D908DE91C7556CA00BCC770 /* Build configuration list for PBXNativeTarget "CodeExmpleUITests" */ = {
			isa = XCConfigurationList;
			buildConfigurations = (
				2D908DEA1C7556CA00BCC770 /* Debug */,
				2D908DEB1C7556CA00BCC770 /* Release */,
			);
			defaultConfigurationIsVisible = 0;
			defaultConfigurationName = Release;
		};
/* End XCConfigurationList section */
	};
	rootObject = 2D908DAE1C7556CA00BCC770 /* Project object */;
}
